// !$*UTF8*$!
{
	archiveVersion = 1;
	classes = {
	};
	objectVersion = 48;
	objects = {

/* Begin PBXBuildFile section */
		6F3A55701FD17A5400C86BAE /* AppDelegate.swift in Sources */ = {isa = PBXBuildFile; fileRef = 6F3A556F1FD17A5400C86BAE /* AppDelegate.swift */; };
		6F3A55721FD17A5400C86BAE /* ViewController.swift in Sources */ = {isa = PBXBuildFile; fileRef = 6F3A55711FD17A5400C86BAE /* ViewController.swift */; };
		6F3A55751FD17A5400C86BAE /* Main.storyboard in Resources */ = {isa = PBXBuildFile; fileRef = 6F3A55731FD17A5400C86BAE /* Main.storyboard */; };
		6F3A55781FD17A5400C86BAE /* Belajar_Single_View.xcdatamodeld in Sources */ = {isa = PBXBuildFile; fileRef = 6F3A55761FD17A5400C86BAE /* Belajar_Single_View.xcdatamodeld */; };
		6F3A557A1FD17A5400C86BAE /* Assets.xcassets in Resources */ = {isa = PBXBuildFile; fileRef = 6F3A55791FD17A5400C86BAE /* Assets.xcassets */; };
		6F3A557D1FD17A5400C86BAE /* LaunchScreen.storyboard in Resources */ = {isa = PBXBuildFile; fileRef = 6F3A557B1FD17A5400C86BAE /* LaunchScreen.storyboard */; };
		6F3A55881FD17A5400C86BAE /* Belajar_Single_ViewTests.swift in Sources */ = {isa = PBXBuildFile; fileRef = 6F3A55871FD17A5400C86BAE /* Belajar_Single_ViewTests.swift */; };
		6F3A55931FD17A5400C86BAE /* Belajar_Single_ViewUITests.swift in Sources */ = {isa = PBXBuildFile; fileRef = 6F3A55921FD17A5400C86BAE /* Belajar_Single_ViewUITests.swift */; };
/* End PBXBuildFile section */

/* Begin PBXContainerItemProxy section */
		6F3A55841FD17A5400C86BAE /* PBXContainerItemProxy */ = {
			isa = PBXContainerItemProxy;
			containerPortal = 6F3A55641FD17A5400C86BAE /* Project object */;
			proxyType = 1;
			remoteGlobalIDString = 6F3A556B1FD17A5400C86BAE;
			remoteInfo = "Belajar Single View";
		};
		6F3A558F1FD17A5400C86BAE /* PBXContainerItemProxy */ = {
			isa = PBXContainerItemProxy;
			containerPortal = 6F3A55641FD17A5400C86BAE /* Project object */;
			proxyType = 1;
			remoteGlobalIDString = 6F3A556B1FD17A5400C86BAE;
			remoteInfo = "Belajar Single View";
		};
/* End PBXContainerItemProxy section */

/* Begin PBXFileReference section */
		6F3A556C1FD17A5400C86BAE /* Belajar Single View.app */ = {isa = PBXFileReference; explicitFileType = wrapper.application; includeInIndex = 0; path = "Belajar Single View.app"; sourceTree = BUILT_PRODUCTS_DIR; };
		6F3A556F1FD17A5400C86BAE /* AppDelegate.swift */ = {isa = PBXFileReference; lastKnownFileType = sourcecode.swift; path = AppDelegate.swift; sourceTree = "<group>"; };
		6F3A55711FD17A5400C86BAE /* ViewController.swift */ = {isa = PBXFileReference; lastKnownFileType = sourcecode.swift; path = ViewController.swift; sourceTree = "<group>"; };
		6F3A55741FD17A5400C86BAE /* Base */ = {isa = PBXFileReference; lastKnownFileType = file.storyboard; name = Base; path = Base.lproj/Main.storyboard; sourceTree = "<group>"; };
		6F3A55771FD17A5400C86BAE /* Belajar_Single_View.xcdatamodel */ = {isa = PBXFileReference; lastKnownFileType = wrapper.xcdatamodel; path = Belajar_Single_View.xcdatamodel; sourceTree = "<group>"; };
		6F3A55791FD17A5400C86BAE /* Assets.xcassets */ = {isa = PBXFileReference; lastKnownFileType = folder.assetcatalog; path = Assets.xcassets; sourceTree = "<group>"; };
		6F3A557C1FD17A5400C86BAE /* Base */ = {isa = PBXFileReference; lastKnownFileType = file.storyboard; name = Base; path = Base.lproj/LaunchScreen.storyboard; sourceTree = "<group>"; };
		6F3A557E1FD17A5400C86BAE /* Info.plist */ = {isa = PBXFileReference; lastKnownFileType = text.plist.xml; path = Info.plist; sourceTree = "<group>"; };
		6F3A55831FD17A5400C86BAE /* Belajar Single ViewTests.xctest */ = {isa = PBXFileReference; explicitFileType = wrapper.cfbundle; includeInIndex = 0; path = "Belajar Single ViewTests.xctest"; sourceTree = BUILT_PRODUCTS_DIR; };
		6F3A55871FD17A5400C86BAE /* Belajar_Single_ViewTests.swift */ = {isa = PBXFileReference; lastKnownFileType = sourcecode.swift; path = Belajar_Single_ViewTests.swift; sourceTree = "<group>"; };
		6F3A55891FD17A5400C86BAE /* Info.plist */ = {isa = PBXFileReference; lastKnownFileType = text.plist.xml; path = Info.plist; sourceTree = "<group>"; };
		6F3A558E1FD17A5400C86BAE /* Belajar Single ViewUITests.xctest */ = {isa = PBXFileReference; explicitFileType = wrapper.cfbundle; includeInIndex = 0; path = "Belajar Single ViewUITests.xctest"; sourceTree = BUILT_PRODUCTS_DIR; };
		6F3A55921FD17A5400C86BAE /* Belajar_Single_ViewUITests.swift */ = {isa = PBXFileReference; lastKnownFileType = sourcecode.swift; path = Belajar_Single_ViewUITests.swift; sourceTree = "<group>"; };
		6F3A55941FD17A5400C86BAE /* Info.plist */ = {isa = PBXFileReference; lastKnownFileType = text.plist.xml; path = Info.plist; sourceTree = "<group>"; };
/* End PBXFileReference section */

/* Begin PBXFrameworksBuildPhase section */
		6F3A55691FD17A5400C86BAE /* Frameworks */ = {
			isa = PBXFrameworksBuildPhase;
			buildActionMask = 2147483647;
			files = (
			);
			runOnlyForDeploymentPostprocessing = 0;
		};
		6F3A55801FD17A5400C86BAE /* Frameworks */ = {
			isa = PBXFrameworksBuildPhase;
			buildActionMask = 2147483647;
			files = (
			);
			runOnlyForDeploymentPostprocessing = 0;
		};
		6F3A558B1FD17A5400C86BAE /* Frameworks */ = {
			isa = PBXFrameworksBuildPhase;
			buildActionMask = 2147483647;
			files = (
			);
			runOnlyForDeploymentPostprocessing = 0;
		};
/* End PBXFrameworksBuildPhase section */

/* Begin PBXGroup section */
		6F3A55631FD17A5400C86BAE = {
			isa = PBXGroup;
			children = (
				6F3A556E1FD17A5400C86BAE /* Belajar Single View */,
				6F3A55861FD17A5400C86BAE /* Belajar Single ViewTests */,
				6F3A55911FD17A5400C86BAE /* Belajar Single ViewUITests */,
				6F3A556D1FD17A5400C86BAE /* Products */,
			);
			sourceTree = "<group>";
		};
		6F3A556D1FD17A5400C86BAE /* Products */ = {
			isa = PBXGroup;
			children = (
				6F3A556C1FD17A5400C86BAE /* Belajar Single View.app */,
				6F3A55831FD17A5400C86BAE /* Belajar Single ViewTests.xctest */,
				6F3A558E1FD17A5400C86BAE /* Belajar Single ViewUITests.xctest */,
			);
			name = Products;
			sourceTree = "<group>";
		};
		6F3A556E1FD17A5400C86BAE /* Belajar Single View */ = {
			isa = PBXGroup;
			children = (
				6F3A556F1FD17A5400C86BAE /* AppDelegate.swift */,
				6F3A55711FD17A5400C86BAE /* ViewController.swift */,
				6F3A55731FD17A5400C86BAE /* Main.storyboard */,
				6F3A55791FD17A5400C86BAE /* Assets.xcassets */,
				6F3A557B1FD17A5400C86BAE /* LaunchScreen.storyboard */,
				6F3A557E1FD17A5400C86BAE /* Info.plist */,
				6F3A55761FD17A5400C86BAE /* Belajar_Single_View.xcdatamodeld */,
			);
			path = "Belajar Single View";
			sourceTree = "<group>";
		};
		6F3A55861FD17A5400C86BAE /* Belajar Single ViewTests */ = {
			isa = PBXGroup;
			children = (
				6F3A55871FD17A5400C86BAE /* Belajar_Single_ViewTests.swift */,
				6F3A55891FD17A5400C86BAE /* Info.plist */,
			);
			path = "Belajar Single ViewTests";
			sourceTree = "<group>";
		};
		6F3A55911FD17A5400C86BAE /* Belajar Single ViewUITests */ = {
			isa = PBXGroup;
			children = (
				6F3A55921FD17A5400C86BAE /* Belajar_Single_ViewUITests.swift */,
				6F3A55941FD17A5400C86BAE /* Info.plist */,
			);
			path = "Belajar Single ViewUITests";
			sourceTree = "<group>";
		};
/* End PBXGroup section */

/* Begin PBXNativeTarget section */
		6F3A556B1FD17A5400C86BAE /* Belajar Single View */ = {
			isa = PBXNativeTarget;
			buildConfigurationList = 6F3A55971FD17A5400C86BAE /* Build configuration list for PBXNativeTarget "Belajar Single View" */;
			buildPhases = (
				6F3A55681FD17A5400C86BAE /* Sources */,
				6F3A55691FD17A5400C86BAE /* Frameworks */,
				6F3A556A1FD17A5400C86BAE /* Resources */,
			);
			buildRules = (
			);
			dependencies = (
			);
			name = "Belajar Single View";
			productName = "Belajar Single View";
			productReference = 6F3A556C1FD17A5400C86BAE /* Belajar Single View.app */;
			productType = "com.apple.product-type.application";
		};
		6F3A55821FD17A5400C86BAE /* Belajar Single ViewTests */ = {
			isa = PBXNativeTarget;
			buildConfigurationList = 6F3A559A1FD17A5400C86BAE /* Build configuration list for PBXNativeTarget "Belajar Single ViewTests" */;
			buildPhases = (
				6F3A557F1FD17A5400C86BAE /* Sources */,
				6F3A55801FD17A5400C86BAE /* Frameworks */,
				6F3A55811FD17A5400C86BAE /* Resources */,
			);
			buildRules = (
			);
			dependencies = (
				6F3A55851FD17A5400C86BAE /* PBXTargetDependency */,
			);
			name = "Belajar Single ViewTests";
			productName = "Belajar Single ViewTests";
			productReference = 6F3A55831FD17A5400C86BAE /* Belajar Single ViewTests.xctest */;
			productType = "com.apple.product-type.bundle.unit-test";
		};
		6F3A558D1FD17A5400C86BAE /* Belajar Single ViewUITests */ = {
			isa = PBXNativeTarget;
			buildConfigurationList = 6F3A559D1FD17A5400C86BAE /* Build configuration list for PBXNativeTarget "Belajar Single ViewUITests" */;
			buildPhases = (
				6F3A558A1FD17A5400C86BAE /* Sources */,
				6F3A558B1FD17A5400C86BAE /* Frameworks */,
				6F3A558C1FD17A5400C86BAE /* Resources */,
			);
			buildRules = (
			);
			dependencies = (
				6F3A55901FD17A5400C86BAE /* PBXTargetDependency */,
			);
			name = "Belajar Single ViewUITests";
			productName = "Belajar Single ViewUITests";
			productReference = 6F3A558E1FD17A5400C86BAE /* Belajar Single ViewUITests.xctest */;
			productType = "com.apple.product-type.bundle.ui-testing";
		};
/* End PBXNativeTarget section */

/* Begin PBXProject section */
		6F3A55641FD17A5400C86BAE /* Project object */ = {
			isa = PBXProject;
			attributes = {
				LastSwiftUpdateCheck = 0910;
				LastUpgradeCheck = 0910;
				ORGANIZATIONNAME = Yuda;
				TargetAttributes = {
					6F3A556B1FD17A5400C86BAE = {
						CreatedOnToolsVersion = 9.1;
						ProvisioningStyle = Automatic;
					};
					6F3A55821FD17A5400C86BAE = {
						CreatedOnToolsVersion = 9.1;
						ProvisioningStyle = Automatic;
						TestTargetID = 6F3A556B1FD17A5400C86BAE;
					};
					6F3A558D1FD17A5400C86BAE = {
						CreatedOnToolsVersion = 9.1;
						ProvisioningStyle = Automatic;
						TestTargetID = 6F3A556B1FD17A5400C86BAE;
					};
				};
			};
			buildConfigurationList = 6F3A55671FD17A5400C86BAE /* Build configuration list for PBXProject "Belajar Single View" */;
			compatibilityVersion = "Xcode 8.0";
			developmentRegion = en;
			hasScannedForEncodings = 0;
			knownRegions = (
				en,
				Base,
			);
			mainGroup = 6F3A55631FD17A5400C86BAE;
			productRefGroup = 6F3A556D1FD17A5400C86BAE /* Products */;
			projectDirPath = "";
			projectRoot = "";
			targets = (
				6F3A556B1FD17A5400C86BAE /* Belajar Single View */,
				6F3A55821FD17A5400C86BAE /* Belajar Single ViewTests */,
				6F3A558D1FD17A5400C86BAE /* Belajar Single ViewUITests */,
			);
		};
/* End PBXProject section */

/* Begin PBXResourcesBuildPhase section */
		6F3A556A1FD17A5400C86BAE /* Resources */ = {
			isa = PBXResourcesBuildPhase;
			buildActionMask = 2147483647;
			files = (
				6F3A557D1FD17A5400C86BAE /* LaunchScreen.storyboard in Resources */,
				6F3A557A1FD17A5400C86BAE /* Assets.xcassets in Resources */,
				6F3A55751FD17A5400C86BAE /* Main.storyboard in Resources */,
			);
			runOnlyForDeploymentPostprocessing = 0;
		};
		6F3A55811FD17A5400C86BAE /* Resources */ = {
			isa = PBXResourcesBuildPhase;
			buildActionMask = 2147483647;
			files = (
			);
			runOnlyForDeploymentPostprocessing = 0;
		};
		6F3A558C1FD17A5400C86BAE /* Resources */ = {
			isa = PBXResourcesBuildPhase;
			buildActionMask = 2147483647;
			files = (
			);
			runOnlyForDeploymentPostprocessing = 0;
		};
/* End PBXResourcesBuildPhase section */

/* Begin PBXSourcesBuildPhase section */
		6F3A55681FD17A5400C86BAE /* Sources */ = {
			isa = PBXSourcesBuildPhase;
			buildActionMask = 2147483647;
			files = (
				6F3A55721FD17A5400C86BAE /* ViewController.swift in Sources */,
				6F3A55701FD17A5400C86BAE /* AppDelegate.swift in Sources */,
				6F3A55781FD17A5400C86BAE /* Belajar_Single_View.xcdatamodeld in Sources */,
			);
			runOnlyForDeploymentPostprocessing = 0;
		};
		6F3A557F1FD17A5400C86BAE /* Sources */ = {
			isa = PBXSourcesBuildPhase;
			buildActionMask = 2147483647;
			files = (
				6F3A55881FD17A5400C86BAE /* Belajar_Single_ViewTests.swift in Sources */,
			);
			runOnlyForDeploymentPostprocessing = 0;
		};
		6F3A558A1FD17A5400C86BAE /* Sources */ = {
			isa = PBXSourcesBuildPhase;
			buildActionMask = 2147483647;
			files = (
				6F3A55931FD17A5400C86BAE /* Belajar_Single_ViewUITests.swift in Sources */,
			);
			runOnlyForDeploymentPostprocessing = 0;
		};
/* End PBXSourcesBuildPhase section */

/* Begin PBXTargetDependency section */
		6F3A55851FD17A5400C86BAE /* PBXTargetDependency */ = {
			isa = PBXTargetDependency;
			target = 6F3A556B1FD17A5400C86BAE /* Belajar Single View */;
			targetProxy = 6F3A55841FD17A5400C86BAE /* PBXContainerItemProxy */;
		};
		6F3A55901FD17A5400C86BAE /* PBXTargetDependency */ = {
			isa = PBXTargetDependency;
			target = 6F3A556B1FD17A5400C86BAE /* Belajar Single View */;
			targetProxy = 6F3A558F1FD17A5400C86BAE /* PBXContainerItemProxy */;
		};
/* End PBXTargetDependency section */

/* Begin PBXVariantGroup section */
		6F3A55731FD17A5400C86BAE /* Main.storyboard */ = {
			isa = PBXVariantGroup;
			children = (
				6F3A55741FD17A5400C86BAE /* Base */,
			);
			name = Main.storyboard;
			sourceTree = "<group>";
		};
		6F3A557B1FD17A5400C86BAE /* LaunchScreen.storyboard */ = {
			isa = PBXVariantGroup;
			children = (
				6F3A557C1FD17A5400C86BAE /* Base */,
			);
			name = LaunchScreen.storyboard;
			sourceTree = "<group>";
		};
/* End PBXVariantGroup section */

/* Begin XCBuildConfiguration section */
		6F3A55951FD17A5400C86BAE /* Debug */ = {
			isa = XCBuildConfiguration;
			buildSettings = {
				ALWAYS_SEARCH_USER_PATHS = NO;
				CLANG_ANALYZER_NONNULL = YES;
				CLANG_ANALYZER_NUMBER_OBJECT_CONVERSION = YES_AGGRESSIVE;
				CLANG_CXX_LANGUAGE_STANDARD = "gnu++14";
				CLANG_CXX_LIBRARY = "libc++";
				CLANG_ENABLE_MODULES = YES;
				CLANG_ENABLE_OBJC_ARC = YES;
				CLANG_WARN_BLOCK_CAPTURE_AUTORELEASING = YES;
				CLANG_WARN_BOOL_CONVERSION = YES;
				CLANG_WARN_COMMA = YES;
				CLANG_WARN_CONSTANT_CONVERSION = YES;
				CLANG_WARN_DIRECT_OBJC_ISA_USAGE = YES_ERROR;
				CLANG_WARN_DOCUMENTATION_COMMENTS = YES;
				CLANG_WARN_EMPTY_BODY = YES;
				CLANG_WARN_ENUM_CONVERSION = YES;
				CLANG_WARN_INFINITE_RECURSION = YES;
				CLANG_WARN_INT_CONVERSION = YES;
				CLANG_WARN_NON_LITERAL_NULL_CONVERSION = YES;
				CLANG_WARN_OBJC_LITERAL_CONVERSION = YES;
				CLANG_WARN_OBJC_ROOT_CLASS = YES_ERROR;
				CLANG_WARN_RANGE_LOOP_ANALYSIS = YES;
				CLANG_WARN_STRICT_PROTOTYPES = YES;
				CLANG_WARN_SUSPICIOUS_MOVE = YES;
				CLANG_WARN_UNGUARDED_AVAILABILITY = YES_AGGRESSIVE;
				CLANG_WARN_UNREACHABLE_CODE = YES;
				CLANG_WARN__DUPLICATE_METHOD_MATCH = YES;
				CODE_SIGN_IDENTITY = "iPhone Developer";
				COPY_PHASE_STRIP = NO;
				DEBUG_INFORMATION_FORMAT = dwarf;
				ENABLE_STRICT_OBJC_MSGSEND = YES;
				ENABLE_TESTABILITY = YES;
				GCC_C_LANGUAGE_STANDARD = gnu11;
				GCC_DYNAMIC_NO_PIC = NO;
				GCC_NO_COMMON_BLOCKS = YES;
				GCC_OPTIMIZATION_LEVEL = 0;
				GCC_PREPROCESSOR_DEFINITIONS = (
					"DEBUG=1",
					"$(inherited)",
				);
				GCC_WARN_64_TO_32_BIT_CONVERSION = YES;
				GCC_WARN_ABOUT_RETURN_TYPE = YES_ERROR;
				GCC_WARN_UNDECLARED_SELECTOR = YES;
				GCC_WARN_UNINITIALIZED_AUTOS = YES_AGGRESSIVE;
				GCC_WARN_UNUSED_FUNCTION = YES;
				GCC_WARN_UNUSED_VARIABLE = YES;
				IPHONEOS_DEPLOYMENT_TARGET = 11.1;
				MTL_ENABLE_DEBUG_INFO = YES;
				ONLY_ACTIVE_ARCH = YES;
				SDKROOT = iphoneos;
				SWIFT_ACTIVE_COMPILATION_CONDITIONS = DEBUG;
				SWIFT_OPTIMIZATION_LEVEL = "-Onone";
			};
			name = Debug;
		};
		6F3A55961FD17A5400C86BAE /* Release */ = {
			isa = XCBuildConfiguration;
			buildSettings = {
				ALWAYS_SEARCH_USER_PATHS = NO;
				CLANG_ANALYZER_NONNULL = YES;
				CLANG_ANALYZER_NUMBER_OBJECT_CONVERSION = YES_AGGRESSIVE;
				CLANG_CXX_LANGUAGE_STANDARD = "gnu++14";
				CLANG_CXX_LIBRARY = "libc++";
				CLANG_ENABLE_MODULES = YES;
				CLANG_ENABLE_OBJC_ARC = YES;
				CLANG_WARN_BLOCK_CAPTURE_AUTORELEASING = YES;
				CLANG_WARN_BOOL_CONVERSION = YES;
				CLANG_WARN_COMMA = YES;
				CLANG_WARN_CONSTANT_CONVERSION = YES;
				CLANG_WARN_DIRECT_OBJC_ISA_USAGE = YES_ERROR;
				CLANG_WARN_DOCUMENTATION_COMMENTS = YES;
				CLANG_WARN_EMPTY_BODY = YES;
				CLANG_WARN_ENUM_CONVERSION = YES;
				CLANG_WARN_INFINITE_RECURSION = YES;
				CLANG_WARN_INT_CONVERSION = YES;
				CLANG_WARN_NON_LITERAL_NULL_CONVERSION = YES;
				CLANG_WARN_OBJC_LITERAL_CONVERSION = YES;
				CLANG_WARN_OBJC_ROOT_CLASS = YES_ERROR;
				CLANG_WARN_RANGE_LOOP_ANALYSIS = YES;
				CLANG_WARN_STRICT_PROTOTYPES = YES;
				CLANG_WARN_SUSPICIOUS_MOVE = YES;
				CLANG_WARN_UNGUARDED_AVAILABILITY = YES_AGGRESSIVE;
				CLANG_WARN_UNREACHABLE_CODE = YES;
				CLANG_WARN__DUPLICATE_METHOD_MATCH = YES;
				CODE_SIGN_IDENTITY = "iPhone Developer";
				COPY_PHASE_STRIP = NO;
				DEBUG_INFORMATION_FORMAT = "dwarf-with-dsym";
				ENABLE_NS_ASSERTIONS = NO;
				ENABLE_STRICT_OBJC_MSGSEND = YES;
				GCC_C_LANGUAGE_STANDARD = gnu11;
				GCC_NO_COMMON_BLOCKS = YES;
				GCC_WARN_64_TO_32_BIT_CONVERSION = YES;
				GCC_WARN_ABOUT_RETURN_TYPE = YES_ERROR;
				GCC_WARN_UNDECLARED_SELECTOR = YES;
				GCC_WARN_UNINITIALIZED_AUTOS = YES_AGGRESSIVE;
				GCC_WARN_UNUSED_FUNCTION = YES;
				GCC_WARN_UNUSED_VARIABLE = YES;
				IPHONEOS_DEPLOYMENT_TARGET = 11.1;
				MTL_ENABLE_DEBUG_INFO = NO;
				SDKROOT = iphoneos;
				SWIFT_OPTIMIZATION_LEVEL = "-Owholemodule";
				VALIDATE_PRODUCT = YES;
			};
			name = Release;
		};
		6F3A55981FD17A5400C86BAE /* Debug */ = {
			isa = XCBuildConfiguration;
			buildSettings = {
				ASSETCATALOG_COMPILER_APPICON_NAME = AppIcon;
				CODE_SIGN_STYLE = Automatic;
				DEVELOPMENT_TEAM = UNUM5H6RSC;
				INFOPLIST_FILE = "Belajar Single View/Info.plist";
				LD_RUNPATH_SEARCH_PATHS = "$(inherited) @executable_path/Frameworks";
				PRODUCT_BUNDLE_IDENTIFIER = "belajar.Belajar-Single-View";
				PRODUCT_NAME = "$(TARGET_NAME)";
				SWIFT_VERSION = 4.0;
				TARGETED_DEVICE_FAMILY = "1,2";
			};
			name = Debug;
		};
		6F3A55991FD17A5400C86BAE /* Release */ = {
			isa = XCBuildConfiguration;
			buildSettings = {
				ASSETCATALOG_COMPILER_APPICON_NAME = AppIcon;
				CODE_SIGN_STYLE = Automatic;
				DEVELOPMENT_TEAM = UNUM5H6RSC;
				INFOPLIST_FILE = "Belajar Single View/Info.plist";
				LD_RUNPATH_SEARCH_PATHS = "$(inherited) @executable_path/Frameworks";
				PRODUCT_BUNDLE_IDENTIFIER = "belajar.Belajar-Single-View";
				PRODUCT_NAME = "$(TARGET_NAME)";
				SWIFT_VERSION = 4.0;
				TARGETED_DEVICE_FAMILY = "1,2";
			};
			name = Release;
		};
		6F3A559B1FD17A5400C86BAE /* Debug */ = {
			isa = XCBuildConfiguration;
			buildSettings = {
				ALWAYS_EMBED_SWIFT_STANDARD_LIBRARIES = YES;
				BUNDLE_LOADER = "$(TEST_HOST)";
				CODE_SIGN_STYLE = Automatic;
				DEVELOPMENT_TEAM = UNUM5H6RSC;
				INFOPLIST_FILE = "Belajar Single ViewTests/Info.plist";
				LD_RUNPATH_SEARCH_PATHS = "$(inherited) @executable_path/Frameworks @loader_path/Frameworks";
				PRODUCT_BUNDLE_IDENTIFIER = "belajar.Belajar-Single-ViewTests";
				PRODUCT_NAME = "$(TARGET_NAME)";
				SWIFT_VERSION = 4.0;
				TARGETED_DEVICE_FAMILY = "1,2";
				TEST_HOST = "$(BUILT_PRODUCTS_DIR)/Belajar Single View.app/Belajar Single View";
			};
			name = Debug;
		};
		6F3A559C1FD17A5400C86BAE /* Release */ = {
			isa = XCBuildConfiguration;
			buildSettings = {
				ALWAYS_EMBED_SWIFT_STANDARD_LIBRARIES = YES;
				BUNDLE_LOADER = "$(TEST_HOST)";
				CODE_SIGN_STYLE = Automatic;
				DEVELOPMENT_TEAM = UNUM5H6RSC;
				INFOPLIST_FILE = "Belajar Single ViewTests/Info.plist";
				LD_RUNPATH_SEARCH_PATHS = "$(inherited) @executable_path/Frameworks @loader_path/Frameworks";
				PRODUCT_BUNDLE_IDENTIFIER = "belajar.Belajar-Single-ViewTests";
				PRODUCT_NAME = "$(TARGET_NAME)";
				SWIFT_VERSION = 4.0;
				TARGETED_DEVICE_FAMILY = "1,2";
				TEST_HOST = "$(BUILT_PRODUCTS_DIR)/Belajar Single View.app/Belajar Single View";
			};
			name = Release;
		};
		6F3A559E1FD17A5400C86BAE /* Debug */ = {
			isa = XCBuildConfiguration;
			buildSettings = {
				ALWAYS_EMBED_SWIFT_STANDARD_LIBRARIES = YES;
				CODE_SIGN_STYLE = Automatic;
				DEVELOPMENT_TEAM = UNUM5H6RSC;
				INFOPLIST_FILE = "Belajar Single ViewUITests/Info.plist";
				LD_RUNPATH_SEARCH_PATHS = "$(inherited) @executable_path/Frameworks @loader_path/Frameworks";
				PRODUCT_BUNDLE_IDENTIFIER = "belajar.Belajar-Single-ViewUITests";
				PRODUCT_NAME = "$(TARGET_NAME)";
				SWIFT_VERSION = 4.0;
				TARGETED_DEVICE_FAMILY = "1,2";
				TEST_TARGET_NAME = "Belajar Single View";
			};
			name = Debug;
		};
		6F3A559F1FD17A5400C86BAE /* Release */ = {
			isa = XCBuildConfiguration;
			buildSettings = {
				ALWAYS_EMBED_SWIFT_STANDARD_LIBRARIES = YES;
				CODE_SIGN_STYLE = Automatic;
				DEVELOPMENT_TEAM = UNUM5H6RSC;
				INFOPLIST_FILE = "Belajar Single ViewUITests/Info.plist";
				LD_RUNPATH_SEARCH_PATHS = "$(inherited) @executable_path/Frameworks @loader_path/Frameworks";
				PRODUCT_BUNDLE_IDENTIFIER = "belajar.Belajar-Single-ViewUITests";
				PRODUCT_NAME = "$(TARGET_NAME)";
				SWIFT_VERSION = 4.0;
				TARGETED_DEVICE_FAMILY = "1,2";
				TEST_TARGET_NAME = "Belajar Single View";
			};
			name = Release;
		};
/* End XCBuildConfiguration section */

/* Begin XCConfigurationList section */
		6F3A55671FD17A5400C86BAE /* Build configuration list for PBXProject "Belajar Single View" */ = {
			isa = XCConfigurationList;
			buildConfigurations = (
				6F3A55951FD17A5400C86BAE /* Debug */,
				6F3A55961FD17A5400C86BAE /* Release */,
			);
			defaultConfigurationIsVisible = 0;
			defaultConfigurationName = Release;
		};
		6F3A55971FD17A5400C86BAE /* Build configuration list for PBXNativeTarget "Belajar Single View" */ = {
			isa = XCConfigurationList;
			buildConfigurations = (
				6F3A55981FD17A5400C86BAE /* Debug */,
				6F3A55991FD17A5400C86BAE /* Release */,
			);
			defaultConfigurationIsVisible = 0;
			defaultConfigurationName = Release;
		};
		6F3A559A1FD17A5400C86BAE /* Build configuration list for PBXNativeTarget "Belajar Single ViewTests" */ = {
			isa = XCConfigurationList;
			buildConfigurations = (
				6F3A559B1FD17A5400C86BAE /* Debug */,
				6F3A559C1FD17A5400C86BAE /* Release */,
			);
			defaultConfigurationIsVisible = 0;
			defaultConfigurationName = Release;
		};
		6F3A559D1FD17A5400C86BAE /* Build configuration list for PBXNativeTarget "Belajar Single ViewUITests" */ = {
			isa = XCConfigurationList;
			buildConfigurations = (
				6F3A559E1FD17A5400C86BAE /* Debug */,
				6F3A559F1FD17A5400C86BAE /* Release */,
			);
			defaultConfigurationIsVisible = 0;
			defaultConfigurationName = Release;
		};
/* End XCConfigurationList section */

/* Begin XCVersionGroup section */
		6F3A55761FD17A5400C86BAE /* Belajar_Single_View.xcdatamodeld */ = {
			isa = XCVersionGroup;
			children = (
				6F3A55771FD17A5400C86BAE /* Belajar_Single_View.xcdatamodel */,
			);
			currentVersion = 6F3A55771FD17A5400C86BAE /* Belajar_Single_View.xcdatamodel */;
			path = Belajar_Single_View.xcdatamodeld;
			sourceTree = "<group>";
			versionGroupType = wrapper.xcdatamodel;
		};
/* End XCVersionGroup section */
	};
	rootObject = 6F3A55641FD17A5400C86BAE /* Project object */;
}
